
Microsoft Visual Studio Solution File, Format Version 12.00
# Visual Studio 14
VisualStudioVersion = 14.0.23107.0
MinimumVisualStudioVersion = 10.0.40219.1
Project("{F2A71F9B-5D33-465A-A702-920D77279786}") = "FsKarel.Core", "src\app\FsKarel.Core\FsKarel.Core.fsproj", "{2C1E2E79-ADB1-4533-9492-CE7B6D5F1703}"
EndProject
Project("{F2A71F9B-5D33-465A-A702-920D77279786}") = "FsKarelTests", "src\tests\FsKarelTests\FsKarelTests.fsproj", "{83A7F322-F18F-45D5-95A2-9368093B9014}"
EndProject
Global
	GlobalSection(SolutionConfigurationPlatforms) = preSolution
		Debug|Any CPU = Debug|Any CPU
		Release|Any CPU = Release|Any CPU
	EndGlobalSection
	GlobalSection(ProjectConfigurationPlatforms) = postSolution
		{2C1E2E79-ADB1-4533-9492-CE7B6D5F1703}.Debug|Any CPU.ActiveCfg = Debug|Any CPU
		{2C1E2E79-ADB1-4533-9492-CE7B6D5F1703}.Debug|Any CPU.Build.0 = Debug|Any CPU
		{2C1E2E79-ADB1-4533-9492-CE7B6D5F1703}.Release|Any CPU.ActiveCfg = Release|Any CPU
		{2C1E2E79-ADB1-4533-9492-CE7B6D5F1703}.Release|Any CPU.Build.0 = Release|Any CPU
		{83A7F322-F18F-45D5-95A2-9368093B9014}.Debug|Any CPU.ActiveCfg = Debug|Any CPU
		{83A7F322-F18F-45D5-95A2-9368093B9014}.Debug|Any CPU.Build.0 = Debug|Any CPU
		{83A7F322-F18F-45D5-95A2-9368093B9014}.Release|Any CPU.ActiveCfg = Release|Any CPU
		{83A7F322-F18F-45D5-95A2-9368093B9014}.Release|Any CPU.Build.0 = Release|Any CPU
	EndGlobalSection
	GlobalSection(SolutionProperties) = preSolution
		HideSolutionNode = FALSE
	EndGlobalSection
EndGlobal
